
Microsoft Visual Studio Solution File, Format Version 12.00
# Visual Studio Version 16
VisualStudioVersion = 16.0.29215.179
MinimumVisualStudioVersion = 10.0.40219.1
Project("{FAE04EC0-301F-11D3-BF4B-00C04F79EFBC}") = "Inventors.UI.Wizard", "Inventors.UI.Wizard\Inventors.UI.Wizard.csproj", "{7BFB1031-4EB5-42A2-A282-BBCF23476F95}"
EndProject
Global
	GlobalSection(SolutionConfigurationPlatforms) = preSolution
		Debug|Any CPU = Debug|Any CPU
		Release|Any CPU = Release|Any CPU
	EndGlobalSection
	GlobalSection(ProjectConfigurationPlatforms) = postSolution
		{7BFB1031-4EB5-42A2-A282-BBCF23476F95}.Debug|Any CPU.ActiveCfg = Debug|Any CPU
		{7BFB1031-4EB5-42A2-A282-BBCF23476F95}.Debug|Any CPU.Build.0 = Debug|Any CPU
		{7BFB1031-4EB5-42A2-A282-BBCF23476F95}.Release|Any CPU.ActiveCfg = Release|Any CPU
		{7BFB1031-4EB5-42A2-A282-BBCF23476F95}.Release|Any CPU.Build.0 = Release|Any CPU
	EndGlobalSection
	GlobalSection(SolutionProperties) = preSolution
		HideSolutionNode = FALSE
	EndGlobalSection
	GlobalSection(ExtensibilityGlobals) = postSolution
		SolutionGuid = {39B24602-7F8B-48F8-A6C2-1A19B1C19EF5}
	EndGlobalSection
EndGlobal
